github.com/xuri/excelize/v2 v2.6.0 h1:O1U1N7Y6vYEXE+Wh0mgAq8mQ6O8Qo1j87fMKNzRDv0=
github.com/xuri/excelize/v2 v2.6.0/go.mod h1:2tnhNQCJ8ph9OHpJk5aGT1JgERr5xDi5gjE0rUhmZYU=
gopkg.in/gomail.v2 v2.6.6 h1:Mj3NRw5SwaT0ekjBFkMf5xyekzLkc9R3E7nPtMyt+Z8=
gopkg.in/gomail.v2 v2.6.6/go.mod h1:W5+kx3rErNIT77aI5Et2E0P5U9GzD1a2r9km3VUk9eE=